
Microsoft Visual Studio Solution File, Format Version 12.00
Project("{FAE04EC0-301F-11D3-BF4B-00C04F79EFBC}") = "HelloWorld", "HelloWorld\HelloWorld.csproj", "{602E514D-E82E-48CC-AF42-AF99D63BE886}"
EndProject
Project("{FAE04EC0-301F-11D3-BF4B-00C04F79EFBC}") = "BaseGrammar", "..\BaseGrammar\BaseGrammar\BaseGrammar.csproj", "{A739BE3F-8025-4707-921B-96296A08B34E}"
EndProject
Global
	GlobalSection(SolutionConfigurationPlatforms) = preSolution
		Debug|Any CPU = Debug|Any CPU
		Release|Any CPU = Release|Any CPU
	EndGlobalSection
	GlobalSection(ProjectConfigurationPlatforms) = postSolution
		{602E514D-E82E-48CC-AF42-AF99D63BE886}.Debug|Any CPU.ActiveCfg = Debug|Any CPU
		{602E514D-E82E-48CC-AF42-AF99D63BE886}.Debug|Any CPU.Build.0 = Debug|Any CPU
		{602E514D-E82E-48CC-AF42-AF99D63BE886}.Release|Any CPU.ActiveCfg = Release|Any CPU
		{602E514D-E82E-48CC-AF42-AF99D63BE886}.Release|Any CPU.Build.0 = Release|Any CPU
		{A739BE3F-8025-4707-921B-96296A08B34E}.Debug|Any CPU.ActiveCfg = Debug|Any CPU
		{A739BE3F-8025-4707-921B-96296A08B34E}.Debug|Any CPU.Build.0 = Debug|Any CPU
		{A739BE3F-8025-4707-921B-96296A08B34E}.Release|Any CPU.ActiveCfg = Release|Any CPU
		{A739BE3F-8025-4707-921B-96296A08B34E}.Release|Any CPU.Build.0 = Release|Any CPU
	EndGlobalSection
EndGlobal
